
Microsoft Visual Studio Solution File, Format Version 12.00
# Visual Studio Version 17
VisualStudioVersion = 17.0.31903.59
MinimumVisualStudioVersion = 10.0.40219.1
Project("{2150E333-8FDC-42A3-9474-1A3956D46DE8}") = "src", "src", "{7945BDBC-84F3-4FD8-B0F3-DE43B44D8A2E}"
EndProject
Project("{FAE04EC0-301F-11D3-BF4B-00C04F79EFBC}") = "PasswordManager.API", "src\PasswordManager.API\PasswordManager.API.csproj", "{2FE2C235-2708-45EA-B83C-818C29D1159F}"
EndProject
Project("{FAE04EC0-301F-11D3-BF4B-00C04F79EFBC}") = "PasswordManager.Application", "src\PasswordManager.Application\PasswordManager.Application.csproj", "{285BF2A8-86F1-4958-93F4-1FFED9603A4B}"
EndProject
Project("{FAE04EC0-301F-11D3-BF4B-00C04F79EFBC}") = "PasswordManager.Domain", "src\PasswordManager.Domain\PasswordManager.Domain.csproj", "{5807D907-CAA6-4BEE-BCDD-9AB04A9B95E3}"
EndProject
Project("{FAE04EC0-301F-11D3-BF4B-00C04F79EFBC}") = "PasswordManager.IoC", "src\PasswordManager.IoC\PasswordManager.IoC.csproj", "{BFE5735E-3AC8-4244-A001-39AA254AA26D}"
EndProject
Global
	GlobalSection(SolutionConfigurationPlatforms) = preSolution
		Debug|Any CPU = Debug|Any CPU
		Release|Any CPU = Release|Any CPU
	EndGlobalSection
	GlobalSection(SolutionProperties) = preSolution
		HideSolutionNode = FALSE
	EndGlobalSection
	GlobalSection(ProjectConfigurationPlatforms) = postSolution
		{2FE2C235-2708-45EA-B83C-818C29D1159F}.Debug|Any CPU.ActiveCfg = Debug|Any CPU
		{2FE2C235-2708-45EA-B83C-818C29D1159F}.Debug|Any CPU.Build.0 = Debug|Any CPU
		{2FE2C235-2708-45EA-B83C-818C29D1159F}.Release|Any CPU.ActiveCfg = Release|Any CPU
		{2FE2C235-2708-45EA-B83C-818C29D1159F}.Release|Any CPU.Build.0 = Release|Any CPU
		{285BF2A8-86F1-4958-93F4-1FFED9603A4B}.Debug|Any CPU.ActiveCfg = Debug|Any CPU
		{285BF2A8-86F1-4958-93F4-1FFED9603A4B}.Debug|Any CPU.Build.0 = Debug|Any CPU
		{285BF2A8-86F1-4958-93F4-1FFED9603A4B}.Release|Any CPU.ActiveCfg = Release|Any CPU
		{285BF2A8-86F1-4958-93F4-1FFED9603A4B}.Release|Any CPU.Build.0 = Release|Any CPU
		{5807D907-CAA6-4BEE-BCDD-9AB04A9B95E3}.Debug|Any CPU.ActiveCfg = Debug|Any CPU
		{5807D907-CAA6-4BEE-BCDD-9AB04A9B95E3}.Debug|Any CPU.Build.0 = Debug|Any CPU
		{5807D907-CAA6-4BEE-BCDD-9AB04A9B95E3}.Release|Any CPU.ActiveCfg = Release|Any CPU
		{5807D907-CAA6-4BEE-BCDD-9AB04A9B95E3}.Release|Any CPU.Build.0 = Release|Any CPU
		{BFE5735E-3AC8-4244-A001-39AA254AA26D}.Debug|Any CPU.ActiveCfg = Debug|Any CPU
		{BFE5735E-3AC8-4244-A001-39AA254AA26D}.Debug|Any CPU.Build.0 = Debug|Any CPU
		{BFE5735E-3AC8-4244-A001-39AA254AA26D}.Release|Any CPU.ActiveCfg = Release|Any CPU
		{BFE5735E-3AC8-4244-A001-39AA254AA26D}.Release|Any CPU.Build.0 = Release|Any CPU
	EndGlobalSection
	GlobalSection(NestedProjects) = preSolution
		{2FE2C235-2708-45EA-B83C-818C29D1159F} = {7945BDBC-84F3-4FD8-B0F3-DE43B44D8A2E}
		{285BF2A8-86F1-4958-93F4-1FFED9603A4B} = {7945BDBC-84F3-4FD8-B0F3-DE43B44D8A2E}
		{5807D907-CAA6-4BEE-BCDD-9AB04A9B95E3} = {7945BDBC-84F3-4FD8-B0F3-DE43B44D8A2E}
		{BFE5735E-3AC8-4244-A001-39AA254AA26D} = {7945BDBC-84F3-4FD8-B0F3-DE43B44D8A2E}
	EndGlobalSection
EndGlobal
