
Microsoft Visual Studio Solution File, Format Version 12.00
# Visual Studio Version 17
VisualStudioVersion = 17.0.31903.59
MinimumVisualStudioVersion = 10.0.40219.1
Project("{2150E333-8FDC-42A3-9474-1A3956D46DE8}") = "src", "src", "{04806E2A-207A-44F6-A8D7-A910B40B2821}"
EndProject
Project("{FAE04EC0-301F-11D3-BF4B-00C04F79EFBC}") = "PasswordManager.API", "src\PasswordManager.API\PasswordManager.API.csproj", "{E0EB2311-6B03-4999-8E34-28EB9E0EF759}"
EndProject
Project("{FAE04EC0-301F-11D3-BF4B-00C04F79EFBC}") = "PasswordManager.Application", "src\PasswordManager.Application\PasswordManager.Application.csproj", "{76F57F52-6EAE-4E51-8F57-F1DB939C2909}"
EndProject
Project("{FAE04EC0-301F-11D3-BF4B-00C04F79EFBC}") = "PasswordManager.Infra", "src\PasswordManager.Infra\PasswordManager.Infra.csproj", "{7198CFA4-A8F4-4186-8D7A-61EC46545DA0}"
EndProject
Global
	GlobalSection(SolutionConfigurationPlatforms) = preSolution
		Debug|Any CPU = Debug|Any CPU
		Release|Any CPU = Release|Any CPU
	EndGlobalSection
	GlobalSection(SolutionProperties) = preSolution
		HideSolutionNode = FALSE
	EndGlobalSection
	GlobalSection(ProjectConfigurationPlatforms) = postSolution
		{E0EB2311-6B03-4999-8E34-28EB9E0EF759}.Debug|Any CPU.ActiveCfg = Debug|Any CPU
		{E0EB2311-6B03-4999-8E34-28EB9E0EF759}.Debug|Any CPU.Build.0 = Debug|Any CPU
		{E0EB2311-6B03-4999-8E34-28EB9E0EF759}.Release|Any CPU.ActiveCfg = Release|Any CPU
		{E0EB2311-6B03-4999-8E34-28EB9E0EF759}.Release|Any CPU.Build.0 = Release|Any CPU
		{76F57F52-6EAE-4E51-8F57-F1DB939C2909}.Debug|Any CPU.ActiveCfg = Debug|Any CPU
		{76F57F52-6EAE-4E51-8F57-F1DB939C2909}.Debug|Any CPU.Build.0 = Debug|Any CPU
		{76F57F52-6EAE-4E51-8F57-F1DB939C2909}.Release|Any CPU.ActiveCfg = Release|Any CPU
		{76F57F52-6EAE-4E51-8F57-F1DB939C2909}.Release|Any CPU.Build.0 = Release|Any CPU
		{7198CFA4-A8F4-4186-8D7A-61EC46545DA0}.Debug|Any CPU.ActiveCfg = Debug|Any CPU
		{7198CFA4-A8F4-4186-8D7A-61EC46545DA0}.Debug|Any CPU.Build.0 = Debug|Any CPU
		{7198CFA4-A8F4-4186-8D7A-61EC46545DA0}.Release|Any CPU.ActiveCfg = Release|Any CPU
		{7198CFA4-A8F4-4186-8D7A-61EC46545DA0}.Release|Any CPU.Build.0 = Release|Any CPU
	EndGlobalSection
	GlobalSection(NestedProjects) = preSolution
		{E0EB2311-6B03-4999-8E34-28EB9E0EF759} = {04806E2A-207A-44F6-A8D7-A910B40B2821}
		{76F57F52-6EAE-4E51-8F57-F1DB939C2909} = {04806E2A-207A-44F6-A8D7-A910B40B2821}
		{7198CFA4-A8F4-4186-8D7A-61EC46545DA0} = {04806E2A-207A-44F6-A8D7-A910B40B2821}
	EndGlobalSection
EndGlobal
